
Microsoft Visual Studio Solution File, Format Version 12.00
# Visual Studio Version 17
VisualStudioVersion = 17.8.34330.188
MinimumVisualStudioVersion = 10.0.40219.1
Project("{2150E333-8FDC-42A3-9474-1A3956D46DE8}") = "FrontEnd", "FrontEnd", "{96DD24F4-5E8B-46B0-8CDD-F01302150D6E}"
EndProject
Project("{2150E333-8FDC-42A3-9474-1A3956D46DE8}") = "Services", "Services", "{C8CA575E-C895-4C1B-B0A7-949322E57C7C}"
EndProject
Project("{9A19103F-16F7-4668-BE54-9A1E7A4F7556}") = "GeekShooping.ProductAPI", "GeekShooping.ProductAPI\GeekShooping.ProductAPI.csproj", "{526BCC9F-2C84-4A41-91CF-DDFA8BE1BCCD}"
	ProjectSection(ProjectDependencies) = postProject
		{5B4E2D38-A3F7-473F-83C0-AF7108B5DE82} = {5B4E2D38-A3F7-473F-83C0-AF7108B5DE82}
	EndProjectSection
EndProject
Project("{9A19103F-16F7-4668-BE54-9A1E7A4F7556}") = "GeekShooping.Web", "GeekShooping.Web\GeekShooping.Web.csproj", "{5B4E2D38-A3F7-473F-83C0-AF7108B5DE82}"
EndProject
Project("{FAE04EC0-301F-11D3-BF4B-00C04F79EFBC}") = "GeekShopping.IdentityServer", "GeekShopping.IdentityServer\GeekShopping.IdentityServer.csproj", "{8ACD144D-B5A5-491E-BEFC-CBBEDDF9CA4B}"
EndProject
Global
	GlobalSection(SolutionConfigurationPlatforms) = preSolution
		Debug|Any CPU = Debug|Any CPU
		Release|Any CPU = Release|Any CPU
	EndGlobalSection
	GlobalSection(ProjectConfigurationPlatforms) = postSolution
		{526BCC9F-2C84-4A41-91CF-DDFA8BE1BCCD}.Debug|Any CPU.ActiveCfg = Debug|Any CPU
		{526BCC9F-2C84-4A41-91CF-DDFA8BE1BCCD}.Debug|Any CPU.Build.0 = Debug|Any CPU
		{526BCC9F-2C84-4A41-91CF-DDFA8BE1BCCD}.Release|Any CPU.ActiveCfg = Release|Any CPU
		{526BCC9F-2C84-4A41-91CF-DDFA8BE1BCCD}.Release|Any CPU.Build.0 = Release|Any CPU
		{5B4E2D38-A3F7-473F-83C0-AF7108B5DE82}.Debug|Any CPU.ActiveCfg = Debug|Any CPU
		{5B4E2D38-A3F7-473F-83C0-AF7108B5DE82}.Debug|Any CPU.Build.0 = Debug|Any CPU
		{5B4E2D38-A3F7-473F-83C0-AF7108B5DE82}.Release|Any CPU.ActiveCfg = Release|Any CPU
		{5B4E2D38-A3F7-473F-83C0-AF7108B5DE82}.Release|Any CPU.Build.0 = Release|Any CPU
		{8ACD144D-B5A5-491E-BEFC-CBBEDDF9CA4B}.Debug|Any CPU.ActiveCfg = Debug|Any CPU
		{8ACD144D-B5A5-491E-BEFC-CBBEDDF9CA4B}.Debug|Any CPU.Build.0 = Debug|Any CPU
		{8ACD144D-B5A5-491E-BEFC-CBBEDDF9CA4B}.Release|Any CPU.ActiveCfg = Release|Any CPU
		{8ACD144D-B5A5-491E-BEFC-CBBEDDF9CA4B}.Release|Any CPU.Build.0 = Release|Any CPU
	EndGlobalSection
	GlobalSection(SolutionProperties) = preSolution
		HideSolutionNode = FALSE
	EndGlobalSection
	GlobalSection(NestedProjects) = preSolution
		{526BCC9F-2C84-4A41-91CF-DDFA8BE1BCCD} = {C8CA575E-C895-4C1B-B0A7-949322E57C7C}
		{5B4E2D38-A3F7-473F-83C0-AF7108B5DE82} = {96DD24F4-5E8B-46B0-8CDD-F01302150D6E}
		{8ACD144D-B5A5-491E-BEFC-CBBEDDF9CA4B} = {C8CA575E-C895-4C1B-B0A7-949322E57C7C}
	EndGlobalSection
	GlobalSection(ExtensibilityGlobals) = postSolution
		SolutionGuid = {2196947A-11AE-4DFC-8A1D-5B1606045DC1}
	EndGlobalSection
EndGlobal
